// !$*UTF8*$!
{
	archiveVersion = 1;
	classes = {
	};
	objectVersion = 50;
	objects = {

/* Begin PBXBuildFile section */
		0463EC0D21AC266200E34315 /* 27_recursiontree.c in Sources */ = {isa = PBXBuildFile; fileRef = 0463EC0C21AC266200E34315 /* 27_recursiontree.c */; };
		0463EC1021AF65F700E34315 /* 28_heap.c in Sources */ = {isa = PBXBuildFile; fileRef = 0463EC0F21AF65F700E34315 /* 28_heap.c */; };
		04D6642121973CDA00669A42 /* main.c in Sources */ = {isa = PBXBuildFile; fileRef = 04D6642021973CDA00669A42 /* main.c */; };
		04D6642921973D0700669A42 /* 06_linkedlist.c in Sources */ = {isa = PBXBuildFile; fileRef = 04D6642821973D0700669A42 /* 06_linkedlist.c */; };
		04D6642D21985D8D00669A42 /* 07_linkedlist.c in Sources */ = {isa = PBXBuildFile; fileRef = 04D6642C21985D8D00669A42 /* 07_linkedlist.c */; };
		04D664302198793100669A42 /* 08_stack.c in Sources */ = {isa = PBXBuildFile; fileRef = 04D6642F2198793100669A42 /* 08_stack.c */; };
		04D6643321998CAF00669A42 /* 09_queue.c in Sources */ = {isa = PBXBuildFile; fileRef = 04D6643221998CAF00669A42 /* 09_queue.c */; };
		04D664362199B28D00669A42 /* 10_recursion.c in Sources */ = {isa = PBXBuildFile; fileRef = 04D664352199B28D00669A42 /* 10_recursion.c */; };
		04D664392199D54C00669A42 /* 11_sort.c in Sources */ = {isa = PBXBuildFile; fileRef = 04D664382199D54C00669A42 /* 11_sort.c */; };
		04D6643C2199D76D00669A42 /* utils.c in Sources */ = {isa = PBXBuildFile; fileRef = 04D6643B2199D76D00669A42 /* utils.c */; };
		04D6643F219C516A00669A42 /* 12_sort.c in Sources */ = {isa = PBXBuildFile; fileRef = 04D6643E219C516A00669A42 /* 12_sort.c */; };
		04D66442219D63AA00669A42 /* 13_sort.c in Sources */ = {isa = PBXBuildFile; fileRef = 04D66441219D63AA00669A42 /* 13_sort.c */; };
		04D66448219DAEC700669A42 /* 15_binarysearch.c in Sources */ = {isa = PBXBuildFile; fileRef = 04D66447219DAEC700669A42 /* 15_binarysearch.c */; };
		04D6644B219E9C0700669A42 /* 16_binarysearch.c in Sources */ = {isa = PBXBuildFile; fileRef = 04D6644A219E9C0700669A42 /* 16_binarysearch.c */; };
		04D6644E21A16E0D00669A42 /* 23_binarytree.c in Sources */ = {isa = PBXBuildFile; fileRef = 04D6644D21A16E0D00669A42 /* 23_binarytree.c */; };
		04D6645121A1926600669A42 /* 24_binarysearchtree.c in Sources */ = {isa = PBXBuildFile; fileRef = 04D6645021A1926600669A42 /* 24_binarysearchtree.c */; };
		04D6645421A2E9E700669A42 /* 00_string.c in Sources */ = {isa = PBXBuildFile; fileRef = 04D6645321A2E9E700669A42 /* 00_string.c */; };
/* End PBXBuildFile section */

/* Begin PBXCopyFilesBuildPhase section */
		04D6641B21973CDA00669A42 /* CopyFiles */ = {
			isa = PBXCopyFilesBuildPhase;
			buildActionMask = 2147483647;
			dstPath = /usr/share/man/man1/;
			dstSubfolderSpec = 0;
			files = (
			);
			runOnlyForDeploymentPostprocessing = 1;
		};
/* End PBXCopyFilesBuildPhase section */

/* Begin PBXFileReference section */
		0463EC0B21AC266200E34315 /* 27_recursiontree.h */ = {isa = PBXFileReference; lastKnownFileType = sourcecode.c.h; path = 27_recursiontree.h; sourceTree = "<group>"; };
		0463EC0C21AC266200E34315 /* 27_recursiontree.c */ = {isa = PBXFileReference; lastKnownFileType = sourcecode.c.c; path = 27_recursiontree.c; sourceTree = "<group>"; };
		0463EC0E21AF65F700E34315 /* 28_heap.h */ = {isa = PBXFileReference; lastKnownFileType = sourcecode.c.h; path = 28_heap.h; sourceTree = "<group>"; };
		0463EC0F21AF65F700E34315 /* 28_heap.c */ = {isa = PBXFileReference; lastKnownFileType = sourcecode.c.c; path = 28_heap.c; sourceTree = "<group>"; };
		04D6641D21973CDA00669A42 /* GeekTimeAlgorithm */ = {isa = PBXFileReference; explicitFileType = "compiled.mach-o.executable"; includeInIndex = 0; path = GeekTimeAlgorithm; sourceTree = BUILT_PRODUCTS_DIR; };
		04D6642021973CDA00669A42 /* main.c */ = {isa = PBXFileReference; lastKnownFileType = sourcecode.c.c; path = main.c; sourceTree = "<group>"; };
		04D6642721973D0700669A42 /* 06_linkedlist.h */ = {isa = PBXFileReference; lastKnownFileType = sourcecode.c.h; path = 06_linkedlist.h; sourceTree = "<group>"; };
		04D6642821973D0700669A42 /* 06_linkedlist.c */ = {isa = PBXFileReference; lastKnownFileType = sourcecode.c.c; path = 06_linkedlist.c; sourceTree = "<group>"; };
		04D6642A219742FD00669A42 /* PrefixHeader.pch */ = {isa = PBXFileReference; lastKnownFileType = sourcecode.c.h; path = PrefixHeader.pch; sourceTree = "<group>"; };
		04D6642B21985D8D00669A42 /* 07_linkedlist.h */ = {isa = PBXFileReference; lastKnownFileType = sourcecode.c.h; path = 07_linkedlist.h; sourceTree = "<group>"; };
		04D6642C21985D8D00669A42 /* 07_linkedlist.c */ = {isa = PBXFileReference; lastKnownFileType = sourcecode.c.c; path = 07_linkedlist.c; sourceTree = "<group>"; };
		04D6642E2198793100669A42 /* 08_stack.h */ = {isa = PBXFileReference; lastKnownFileType = sourcecode.c.h; path = 08_stack.h; sourceTree = "<group>"; };
		04D6642F2198793100669A42 /* 08_stack.c */ = {isa = PBXFileReference; lastKnownFileType = sourcecode.c.c; path = 08_stack.c; sourceTree = "<group>"; };
		04D6643121998CAF00669A42 /* 09_queue.h */ = {isa = PBXFileReference; lastKnownFileType = sourcecode.c.h; path = 09_queue.h; sourceTree = "<group>"; };
		04D6643221998CAF00669A42 /* 09_queue.c */ = {isa = PBXFileReference; lastKnownFileType = sourcecode.c.c; path = 09_queue.c; sourceTree = "<group>"; };
		04D664342199B28D00669A42 /* 10_recursion.h */ = {isa = PBXFileReference; lastKnownFileType = sourcecode.c.h; path = 10_recursion.h; sourceTree = "<group>"; };
		04D664352199B28D00669A42 /* 10_recursion.c */ = {isa = PBXFileReference; lastKnownFileType = sourcecode.c.c; path = 10_recursion.c; sourceTree = "<group>"; };
		04D664372199D54C00669A42 /* 11_sort.h */ = {isa = PBXFileReference; lastKnownFileType = sourcecode.c.h; path = 11_sort.h; sourceTree = "<group>"; };
		04D664382199D54C00669A42 /* 11_sort.c */ = {isa = PBXFileReference; lastKnownFileType = sourcecode.c.c; path = 11_sort.c; sourceTree = "<group>"; };
		04D6643A2199D76D00669A42 /* utils.h */ = {isa = PBXFileReference; lastKnownFileType = sourcecode.c.h; path = utils.h; sourceTree = "<group>"; };
		04D6643B2199D76D00669A42 /* utils.c */ = {isa = PBXFileReference; lastKnownFileType = sourcecode.c.c; path = utils.c; sourceTree = "<group>"; };
		04D6643D219C516A00669A42 /* 12_sort.h */ = {isa = PBXFileReference; lastKnownFileType = sourcecode.c.h; path = 12_sort.h; sourceTree = "<group>"; };
		04D6643E219C516A00669A42 /* 12_sort.c */ = {isa = PBXFileReference; lastKnownFileType = sourcecode.c.c; path = 12_sort.c; sourceTree = "<group>"; };
		04D66440219D63AA00669A42 /* 13_sort.h */ = {isa = PBXFileReference; lastKnownFileType = sourcecode.c.h; path = 13_sort.h; sourceTree = "<group>"; };
		04D66441219D63AA00669A42 /* 13_sort.c */ = {isa = PBXFileReference; lastKnownFileType = sourcecode.c.c; path = 13_sort.c; sourceTree = "<group>"; };
		04D66446219DAEC700669A42 /* 15_binarysearch.h */ = {isa = PBXFileReference; lastKnownFileType = sourcecode.c.h; path = 15_binarysearch.h; sourceTree = "<group>"; };
		04D66447219DAEC700669A42 /* 15_binarysearch.c */ = {isa = PBXFileReference; lastKnownFileType = sourcecode.c.c; path = 15_binarysearch.c; sourceTree = "<group>"; };
		04D66449219E9C0700669A42 /* 16_binarysearch.h */ = {isa = PBXFileReference; lastKnownFileType = sourcecode.c.h; path = 16_binarysearch.h; sourceTree = "<group>"; };
		04D6644A219E9C0700669A42 /* 16_binarysearch.c */ = {isa = PBXFileReference; lastKnownFileType = sourcecode.c.c; path = 16_binarysearch.c; sourceTree = "<group>"; };
		04D6644C21A16E0D00669A42 /* 23_binarytree.h */ = {isa = PBXFileReference; lastKnownFileType = sourcecode.c.h; path = 23_binarytree.h; sourceTree = "<group>"; };
		04D6644D21A16E0D00669A42 /* 23_binarytree.c */ = {isa = PBXFileReference; lastKnownFileType = sourcecode.c.c; path = 23_binarytree.c; sourceTree = "<group>"; };
		04D6644F21A1926600669A42 /* 24_binarysearchtree.h */ = {isa = PBXFileReference; lastKnownFileType = sourcecode.c.h; path = 24_binarysearchtree.h; sourceTree = "<group>"; };
		04D6645021A1926600669A42 /* 24_binarysearchtree.c */ = {isa = PBXFileReference; lastKnownFileType = sourcecode.c.c; path = 24_binarysearchtree.c; sourceTree = "<group>"; };
		04D6645221A2E9E700669A42 /* 00_string.h */ = {isa = PBXFileReference; lastKnownFileType = sourcecode.c.h; path = 00_string.h; sourceTree = "<group>"; };
		04D6645321A2E9E700669A42 /* 00_string.c */ = {isa = PBXFileReference; lastKnownFileType = sourcecode.c.c; path = 00_string.c; sourceTree = "<group>"; };
/* End PBXFileReference section */

/* Begin PBXFrameworksBuildPhase section */
		04D6641A21973CDA00669A42 /* Frameworks */ = {
			isa = PBXFrameworksBuildPhase;
			buildActionMask = 2147483647;
			files = (
			);
			runOnlyForDeploymentPostprocessing = 0;
		};
/* End PBXFrameworksBuildPhase section */

/* Begin PBXGroup section */
		04D6641421973CDA00669A42 = {
			isa = PBXGroup;
			children = (
				04D6641F21973CDA00669A42 /* GeekTimeAlgorithm */,
				04D6641E21973CDA00669A42 /* Products */,
			);
			sourceTree = "<group>";
		};
		04D6641E21973CDA00669A42 /* Products */ = {
			isa = PBXGroup;
			children = (
				04D6641D21973CDA00669A42 /* GeekTimeAlgorithm */,
			);
			name = Products;
			sourceTree = "<group>";
		};
		04D6641F21973CDA00669A42 /* GeekTimeAlgorithm */ = {
			isa = PBXGroup;
			children = (
				04D6642021973CDA00669A42 /* main.c */,
				04D6642A219742FD00669A42 /* PrefixHeader.pch */,
				04D6645221A2E9E700669A42 /* 00_string.h */,
				04D6645321A2E9E700669A42 /* 00_string.c */,
				04D6642721973D0700669A42 /* 06_linkedlist.h */,
				04D6642821973D0700669A42 /* 06_linkedlist.c */,
				04D6642B21985D8D00669A42 /* 07_linkedlist.h */,
				04D6642C21985D8D00669A42 /* 07_linkedlist.c */,
				04D6642E2198793100669A42 /* 08_stack.h */,
				04D6642F2198793100669A42 /* 08_stack.c */,
				04D6643121998CAF00669A42 /* 09_queue.h */,
				04D6643221998CAF00669A42 /* 09_queue.c */,
				04D664342199B28D00669A42 /* 10_recursion.h */,
				04D664352199B28D00669A42 /* 10_recursion.c */,
				04D664372199D54C00669A42 /* 11_sort.h */,
				04D664382199D54C00669A42 /* 11_sort.c */,
				04D6643D219C516A00669A42 /* 12_sort.h */,
				04D6643E219C516A00669A42 /* 12_sort.c */,
				04D66440219D63AA00669A42 /* 13_sort.h */,
				04D66441219D63AA00669A42 /* 13_sort.c */,
				04D66446219DAEC700669A42 /* 15_binarysearch.h */,
				04D66447219DAEC700669A42 /* 15_binarysearch.c */,
				04D66449219E9C0700669A42 /* 16_binarysearch.h */,
				04D6644A219E9C0700669A42 /* 16_binarysearch.c */,
				04D6644C21A16E0D00669A42 /* 23_binarytree.h */,
				04D6644D21A16E0D00669A42 /* 23_binarytree.c */,
				04D6644F21A1926600669A42 /* 24_binarysearchtree.h */,
				04D6645021A1926600669A42 /* 24_binarysearchtree.c */,
				0463EC0B21AC266200E34315 /* 27_recursiontree.h */,
				0463EC0C21AC266200E34315 /* 27_recursiontree.c */,
				0463EC0E21AF65F700E34315 /* 28_heap.h */,
				0463EC0F21AF65F700E34315 /* 28_heap.c */,
				04D6643A2199D76D00669A42 /* utils.h */,
				04D6643B2199D76D00669A42 /* utils.c */,
			);
			path = GeekTimeAlgorithm;
			sourceTree = "<group>";
		};
/* End PBXGroup section */

/* Begin PBXNativeTarget section */
		04D6641C21973CDA00669A42 /* GeekTimeAlgorithm */ = {
			isa = PBXNativeTarget;
			buildConfigurationList = 04D6642421973CDA00669A42 /* Build configuration list for PBXNativeTarget "GeekTimeAlgorithm" */;
			buildPhases = (
				04D6641921973CDA00669A42 /* Sources */,
				04D6641A21973CDA00669A42 /* Frameworks */,
				04D6641B21973CDA00669A42 /* CopyFiles */,
			);
			buildRules = (
			);
			dependencies = (
			);
			name = GeekTimeAlgorithm;
			productName = GeekTimeAlgorithm;
			productReference = 04D6641D21973CDA00669A42 /* GeekTimeAlgorithm */;
			productType = "com.apple.product-type.tool";
		};
/* End PBXNativeTarget section */

/* Begin PBXProject section */
		04D6641521973CDA00669A42 /* Project object */ = {
			isa = PBXProject;
			attributes = {
				LastUpgradeCheck = 1010;
				ORGANIZATIONNAME = study_sun;
				TargetAttributes = {
					04D6641C21973CDA00669A42 = {
						CreatedOnToolsVersion = 10.1;
					};
				};
			};
			buildConfigurationList = 04D6641821973CDA00669A42 /* Build configuration list for PBXProject "GeekTimeAlgorithm" */;
			compatibilityVersion = "Xcode 9.3";
			developmentRegion = en;
			hasScannedForEncodings = 0;
			knownRegions = (
				en,
			);
			mainGroup = 04D6641421973CDA00669A42;
			productRefGroup = 04D6641E21973CDA00669A42 /* Products */;
			projectDirPath = "";
			projectRoot = "";
			targets = (
				04D6641C21973CDA00669A42 /* GeekTimeAlgorithm */,
			);
		};
/* End PBXProject section */

/* Begin PBXSourcesBuildPhase section */
		04D6641921973CDA00669A42 /* Sources */ = {
			isa = PBXSourcesBuildPhase;
			buildActionMask = 2147483647;
			files = (
				04D664302198793100669A42 /* 08_stack.c in Sources */,
				04D6645421A2E9E700669A42 /* 00_string.c in Sources */,
				04D66448219DAEC700669A42 /* 15_binarysearch.c in Sources */,
				0463EC1021AF65F700E34315 /* 28_heap.c in Sources */,
				04D6645121A1926600669A42 /* 24_binarysearchtree.c in Sources */,
				04D6643C2199D76D00669A42 /* utils.c in Sources */,
				0463EC0D21AC266200E34315 /* 27_recursiontree.c in Sources */,
				04D6644B219E9C0700669A42 /* 16_binarysearch.c in Sources */,
				04D664362199B28D00669A42 /* 10_recursion.c in Sources */,
				04D66442219D63AA00669A42 /* 13_sort.c in Sources */,
				04D6642D21985D8D00669A42 /* 07_linkedlist.c in Sources */,
				04D6643F219C516A00669A42 /* 12_sort.c in Sources */,
				04D6642121973CDA00669A42 /* main.c in Sources */,
				04D664392199D54C00669A42 /* 11_sort.c in Sources */,
				04D6643321998CAF00669A42 /* 09_queue.c in Sources */,
				04D6642921973D0700669A42 /* 06_linkedlist.c in Sources */,
				04D6644E21A16E0D00669A42 /* 23_binarytree.c in Sources */,
			);
			runOnlyForDeploymentPostprocessing = 0;
		};
/* End PBXSourcesBuildPhase section */

/* Begin XCBuildConfiguration section */
		04D6642221973CDA00669A42 /* Debug */ = {
			isa = XCBuildConfiguration;
			buildSettings = {
				ALWAYS_SEARCH_USER_PATHS = NO;
				CLANG_ANALYZER_NONNULL = YES;
				CLANG_ANALYZER_NUMBER_OBJECT_CONVERSION = YES_AGGRESSIVE;
				CLANG_CXX_LANGUAGE_STANDARD = "gnu++14";
				CLANG_CXX_LIBRARY = "libc++";
				CLANG_ENABLE_MODULES = YES;
				CLANG_ENABLE_OBJC_ARC = YES;
				CLANG_ENABLE_OBJC_WEAK = YES;
				CLANG_WARN_BLOCK_CAPTURE_AUTORELEASING = YES;
				CLANG_WARN_BOOL_CONVERSION = YES;
				CLANG_WARN_COMMA = YES;
				CLANG_WARN_CONSTANT_CONVERSION = YES;
				CLANG_WARN_DEPRECATED_OBJC_IMPLEMENTATIONS = YES;
				CLANG_WARN_DIRECT_OBJC_ISA_USAGE = YES_ERROR;
				CLANG_WARN_DOCUMENTATION_COMMENTS = YES;
				CLANG_WARN_EMPTY_BODY = YES;
				CLANG_WARN_ENUM_CONVERSION = YES;
				CLANG_WARN_INFINITE_RECURSION = YES;
				CLANG_WARN_INT_CONVERSION = YES;
				CLANG_WARN_NON_LITERAL_NULL_CONVERSION = YES;
				CLANG_WARN_OBJC_IMPLICIT_RETAIN_SELF = YES;
				CLANG_WARN_OBJC_LITERAL_CONVERSION = YES;
				CLANG_WARN_OBJC_ROOT_CLASS = YES_ERROR;
				CLANG_WARN_RANGE_LOOP_ANALYSIS = YES;
				CLANG_WARN_STRICT_PROTOTYPES = YES;
				CLANG_WARN_SUSPICIOUS_MOVE = YES;
				CLANG_WARN_UNGUARDED_AVAILABILITY = YES_AGGRESSIVE;
				CLANG_WARN_UNREACHABLE_CODE = YES;
				CLANG_WARN__DUPLICATE_METHOD_MATCH = YES;
				CODE_SIGN_IDENTITY = "-";
				COPY_PHASE_STRIP = NO;
				DEBUG_INFORMATION_FORMAT = dwarf;
				ENABLE_STRICT_OBJC_MSGSEND = YES;
				ENABLE_TESTABILITY = YES;
				GCC_C_LANGUAGE_STANDARD = gnu11;
				GCC_DYNAMIC_NO_PIC = NO;
				GCC_NO_COMMON_BLOCKS = YES;
				GCC_OPTIMIZATION_LEVEL = 0;
				GCC_PREPROCESSOR_DEFINITIONS = (
					"DEBUG=1",
					"$(inherited)",
				);
				GCC_WARN_64_TO_32_BIT_CONVERSION = YES;
				GCC_WARN_ABOUT_RETURN_TYPE = YES_ERROR;
				GCC_WARN_UNDECLARED_SELECTOR = YES;
				GCC_WARN_UNINITIALIZED_AUTOS = YES_AGGRESSIVE;
				GCC_WARN_UNUSED_FUNCTION = YES;
				GCC_WARN_UNUSED_VARIABLE = YES;
				MACOSX_DEPLOYMENT_TARGET = 10.14;
				MTL_ENABLE_DEBUG_INFO = INCLUDE_SOURCE;
				MTL_FAST_MATH = YES;
				ONLY_ACTIVE_ARCH = YES;
				SDKROOT = macosx;
			};
			name = Debug;
		};
		04D6642321973CDA00669A42 /* Release */ = {
			isa = XCBuildConfiguration;
			buildSettings = {
				ALWAYS_SEARCH_USER_PATHS = NO;
				CLANG_ANALYZER_NONNULL = YES;
				CLANG_ANALYZER_NUMBER_OBJECT_CONVERSION = YES_AGGRESSIVE;
				CLANG_CXX_LANGUAGE_STANDARD = "gnu++14";
				CLANG_CXX_LIBRARY = "libc++";
				CLANG_ENABLE_MODULES = YES;
				CLANG_ENABLE_OBJC_ARC = YES;
				CLANG_ENABLE_OBJC_WEAK = YES;
				CLANG_WARN_BLOCK_CAPTURE_AUTORELEASING = YES;
				CLANG_WARN_BOOL_CONVERSION = YES;
				CLANG_WARN_COMMA = YES;
				CLANG_WARN_CONSTANT_CONVERSION = YES;
				CLANG_WARN_DEPRECATED_OBJC_IMPLEMENTATIONS = YES;
				CLANG_WARN_DIRECT_OBJC_ISA_USAGE = YES_ERROR;
				CLANG_WARN_DOCUMENTATION_COMMENTS = YES;
				CLANG_WARN_EMPTY_BODY = YES;
				CLANG_WARN_ENUM_CONVERSION = YES;
				CLANG_WARN_INFINITE_RECURSION = YES;
				CLANG_WARN_INT_CONVERSION = YES;
				CLANG_WARN_NON_LITERAL_NULL_CONVERSION = YES;
				CLANG_WARN_OBJC_IMPLICIT_RETAIN_SELF = YES;
				CLANG_WARN_OBJC_LITERAL_CONVERSION = YES;
				CLANG_WARN_OBJC_ROOT_CLASS = YES_ERROR;
				CLANG_WARN_RANGE_LOOP_ANALYSIS = YES;
				CLANG_WARN_STRICT_PROTOTYPES = YES;
				CLANG_WARN_SUSPICIOUS_MOVE = YES;
				CLANG_WARN_UNGUARDED_AVAILABILITY = YES_AGGRESSIVE;
				CLANG_WARN_UNREACHABLE_CODE = YES;
				CLANG_WARN__DUPLICATE_METHOD_MATCH = YES;
				CODE_SIGN_IDENTITY = "-";
				COPY_PHASE_STRIP = NO;
				DEBUG_INFORMATION_FORMAT = "dwarf-with-dsym";
				ENABLE_NS_ASSERTIONS = NO;
				ENABLE_STRICT_OBJC_MSGSEND = YES;
				GCC_C_LANGUAGE_STANDARD = gnu11;
				GCC_NO_COMMON_BLOCKS = YES;
				GCC_WARN_64_TO_32_BIT_CONVERSION = YES;
				GCC_WARN_ABOUT_RETURN_TYPE = YES_ERROR;
				GCC_WARN_UNDECLARED_SELECTOR = YES;
				GCC_WARN_UNINITIALIZED_AUTOS = YES_AGGRESSIVE;
				GCC_WARN_UNUSED_FUNCTION = YES;
				GCC_WARN_UNUSED_VARIABLE = YES;
				MACOSX_DEPLOYMENT_TARGET = 10.14;
				MTL_ENABLE_DEBUG_INFO = NO;
				MTL_FAST_MATH = YES;
				SDKROOT = macosx;
			};
			name = Release;
		};
		04D6642521973CDA00669A42 /* Debug */ = {
			isa = XCBuildConfiguration;
			buildSettings = {
				CODE_SIGN_STYLE = Automatic;
				GCC_INCREASE_PRECOMPILED_HEADER_SHARING = NO;
				GCC_PRECOMPILE_PREFIX_HEADER = YES;
				GCC_PREFIX_HEADER = GeekTimeAlgorithm/PrefixHeader.pch;
				PRODUCT_NAME = "$(TARGET_NAME)";
			};
			name = Debug;
		};
		04D6642621973CDA00669A42 /* Release */ = {
			isa = XCBuildConfiguration;
			buildSettings = {
				CODE_SIGN_STYLE = Automatic;
				GCC_INCREASE_PRECOMPILED_HEADER_SHARING = NO;
				GCC_PRECOMPILE_PREFIX_HEADER = YES;
				GCC_PREFIX_HEADER = GeekTimeAlgorithm/PrefixHeader.pch;
				PRODUCT_NAME = "$(TARGET_NAME)";
			};
			name = Release;
		};
/* End XCBuildConfiguration section */

/* Begin XCConfigurationList section */
		04D6641821973CDA00669A42 /* Build configuration list for PBXProject "GeekTimeAlgorithm" */ = {
			isa = XCConfigurationList;
			buildConfigurations = (
				04D6642221973CDA00669A42 /* Debug */,
				04D6642321973CDA00669A42 /* Release */,
			);
			defaultConfigurationIsVisible = 0;
			defaultConfigurationName = Release;
		};
		04D6642421973CDA00669A42 /* Build configuration list for PBXNativeTarget "GeekTimeAlgorithm" */ = {
			isa = XCConfigurationList;
			buildConfigurations = (
				04D6642521973CDA00669A42 /* Debug */,
				04D6642621973CDA00669A42 /* Release */,
			);
			defaultConfigurationIsVisible = 0;
			defaultConfigurationName = Release;
		};
/* End XCConfigurationList section */
	};
	rootObject = 04D6641521973CDA00669A42 /* Project object */;
}
